// !$*UTF8*$!
{
	archiveVersion = 1;
	classes = {
	};
	objectVersion = 56;
	objects = {

/* Begin PBXBuildFile section */
		58417E4C2AC1820300D71B7E /* test_vkus_sovet_swiftuiApp.swift in Sources */ = {isa = PBXBuildFile; fileRef = 58417E4B2AC1820300D71B7E /* test_vkus_sovet_swiftuiApp.swift */; };
		58417E4E2AC1820300D71B7E /* RootView.swift in Sources */ = {isa = PBXBuildFile; fileRef = 58417E4D2AC1820300D71B7E /* RootView.swift */; };
		58417E502AC1820400D71B7E /* Assets.xcassets in Resources */ = {isa = PBXBuildFile; fileRef = 58417E4F2AC1820400D71B7E /* Assets.xcassets */; };
		58417E532AC1820400D71B7E /* Preview Assets.xcassets in Resources */ = {isa = PBXBuildFile; fileRef = 58417E522AC1820400D71B7E /* Preview Assets.xcassets */; };
		58417E5E2AC1973700D71B7E /* MenuModel.swift in Sources */ = {isa = PBXBuildFile; fileRef = 58417E5D2AC1973700D71B7E /* MenuModel.swift */; };
		58417E602AC1977E00D71B7E /* ProductModel.swift in Sources */ = {isa = PBXBuildFile; fileRef = 58417E5F2AC1977E00D71B7E /* ProductModel.swift */; };
		58417E622AC197F500D71B7E /* APIClient.swift in Sources */ = {isa = PBXBuildFile; fileRef = 58417E612AC197F500D71B7E /* APIClient.swift */; };
		58417E642AC198C800D71B7E /* RootViewModel.swift in Sources */ = {isa = PBXBuildFile; fileRef = 58417E632AC198C800D71B7E /* RootViewModel.swift */; };
		58417E662AC1999000D71B7E /* ImageService.swift in Sources */ = {isa = PBXBuildFile; fileRef = 58417E652AC1999000D71B7E /* ImageService.swift */; };
		58417E682AC19ABF00D71B7E /* ProfileView.swift in Sources */ = {isa = PBXBuildFile; fileRef = 58417E672AC19ABF00D71B7E /* ProfileView.swift */; };
		58417E6A2AC19ADC00D71B7E /* OrderView.swift in Sources */ = {isa = PBXBuildFile; fileRef = 58417E692AC19ADC00D71B7E /* OrderView.swift */; };
		58417E6C2AC19B0800D71B7E /* TabView.swift in Sources */ = {isa = PBXBuildFile; fileRef = 58417E6B2AC19B0800D71B7E /* TabView.swift */; };
		58417E6E2AC19FD900D71B7E /* Formatter.swift in Sources */ = {isa = PBXBuildFile; fileRef = 58417E6D2AC19FD900D71B7E /* Formatter.swift */; };
/* End PBXBuildFile section */

/* Begin PBXFileReference section */
		58417E482AC1820300D71B7E /* test-vkus-sovet-swiftui.app */ = {isa = PBXFileReference; explicitFileType = wrapper.application; includeInIndex = 0; path = "test-vkus-sovet-swiftui.app"; sourceTree = BUILT_PRODUCTS_DIR; };
		58417E4B2AC1820300D71B7E /* test_vkus_sovet_swiftuiApp.swift */ = {isa = PBXFileReference; lastKnownFileType = sourcecode.swift; path = test_vkus_sovet_swiftuiApp.swift; sourceTree = "<group>"; };
		58417E4D2AC1820300D71B7E /* RootView.swift */ = {isa = PBXFileReference; lastKnownFileType = sourcecode.swift; path = RootView.swift; sourceTree = "<group>"; };
		58417E4F2AC1820400D71B7E /* Assets.xcassets */ = {isa = PBXFileReference; lastKnownFileType = folder.assetcatalog; path = Assets.xcassets; sourceTree = "<group>"; };
		58417E522AC1820400D71B7E /* Preview Assets.xcassets */ = {isa = PBXFileReference; lastKnownFileType = folder.assetcatalog; path = "Preview Assets.xcassets"; sourceTree = "<group>"; };
		58417E5D2AC1973700D71B7E /* MenuModel.swift */ = {isa = PBXFileReference; lastKnownFileType = sourcecode.swift; path = MenuModel.swift; sourceTree = "<group>"; };
		58417E5F2AC1977E00D71B7E /* ProductModel.swift */ = {isa = PBXFileReference; lastKnownFileType = sourcecode.swift; path = ProductModel.swift; sourceTree = "<group>"; };
		58417E612AC197F500D71B7E /* APIClient.swift */ = {isa = PBXFileReference; lastKnownFileType = sourcecode.swift; path = APIClient.swift; sourceTree = "<group>"; };
		58417E632AC198C800D71B7E /* RootViewModel.swift */ = {isa = PBXFileReference; lastKnownFileType = sourcecode.swift; path = RootViewModel.swift; sourceTree = "<group>"; };
		58417E652AC1999000D71B7E /* ImageService.swift */ = {isa = PBXFileReference; lastKnownFileType = sourcecode.swift; path = ImageService.swift; sourceTree = "<group>"; };
		58417E672AC19ABF00D71B7E /* ProfileView.swift */ = {isa = PBXFileReference; lastKnownFileType = sourcecode.swift; path = ProfileView.swift; sourceTree = "<group>"; };
		58417E692AC19ADC00D71B7E /* OrderView.swift */ = {isa = PBXFileReference; lastKnownFileType = sourcecode.swift; path = OrderView.swift; sourceTree = "<group>"; };
		58417E6B2AC19B0800D71B7E /* TabView.swift */ = {isa = PBXFileReference; lastKnownFileType = sourcecode.swift; path = TabView.swift; sourceTree = "<group>"; };
		58417E6D2AC19FD900D71B7E /* Formatter.swift */ = {isa = PBXFileReference; lastKnownFileType = sourcecode.swift; path = Formatter.swift; sourceTree = "<group>"; };
/* End PBXFileReference section */

/* Begin PBXFrameworksBuildPhase section */
		58417E452AC1820300D71B7E /* Frameworks */ = {
			isa = PBXFrameworksBuildPhase;
			buildActionMask = 2147483647;
			files = (
			);
			runOnlyForDeploymentPostprocessing = 0;
		};
/* End PBXFrameworksBuildPhase section */

/* Begin PBXGroup section */
		58417E3F2AC1820300D71B7E = {
			isa = PBXGroup;
			children = (
				58417E4A2AC1820300D71B7E /* test-vkus-sovet-swiftui */,
				58417E492AC1820300D71B7E /* Products */,
			);
			sourceTree = "<group>";
		};
		58417E492AC1820300D71B7E /* Products */ = {
			isa = PBXGroup;
			children = (
				58417E482AC1820300D71B7E /* test-vkus-sovet-swiftui.app */,
			);
			name = Products;
			sourceTree = "<group>";
		};
		58417E4A2AC1820300D71B7E /* test-vkus-sovet-swiftui */ = {
			isa = PBXGroup;
			children = (
				58417E5C2AC1935800D71B7E /* ViewModel */,
				58417E5B2AC1935100D71B7E /* Service */,
				58417E5A2AC1934500D71B7E /* Model */,
				58417E592AC1933A00D71B7E /* View */,
				58417E4B2AC1820300D71B7E /* test_vkus_sovet_swiftuiApp.swift */,
				58417E4F2AC1820400D71B7E /* Assets.xcassets */,
				58417E512AC1820400D71B7E /* Preview Content */,
			);
			path = "test-vkus-sovet-swiftui";
			sourceTree = "<group>";
		};
		58417E512AC1820400D71B7E /* Preview Content */ = {
			isa = PBXGroup;
			children = (
				58417E522AC1820400D71B7E /* Preview Assets.xcassets */,
			);
			path = "Preview Content";
			sourceTree = "<group>";
		};
		58417E592AC1933A00D71B7E /* View */ = {
			isa = PBXGroup;
			children = (
				58417E4D2AC1820300D71B7E /* RootView.swift */,
				58417E672AC19ABF00D71B7E /* ProfileView.swift */,
				58417E692AC19ADC00D71B7E /* OrderView.swift */,
				58417E6B2AC19B0800D71B7E /* TabView.swift */,
			);
			path = View;
			sourceTree = "<group>";
		};
		58417E5A2AC1934500D71B7E /* Model */ = {
			isa = PBXGroup;
			children = (
				58417E5D2AC1973700D71B7E /* MenuModel.swift */,
				58417E5F2AC1977E00D71B7E /* ProductModel.swift */,
			);
			path = Model;
			sourceTree = "<group>";
		};
		58417E5B2AC1935100D71B7E /* Service */ = {
			isa = PBXGroup;
			children = (
				58417E612AC197F500D71B7E /* APIClient.swift */,
				58417E652AC1999000D71B7E /* ImageService.swift */,
				58417E6D2AC19FD900D71B7E /* Formatter.swift */,
			);
			path = Service;
			sourceTree = "<group>";
		};
		58417E5C2AC1935800D71B7E /* ViewModel */ = {
			isa = PBXGroup;
			children = (
				58417E632AC198C800D71B7E /* RootViewModel.swift */,
			);
			path = ViewModel;
			sourceTree = "<group>";
		};
/* End PBXGroup section */

/* Begin PBXNativeTarget section */
		58417E472AC1820300D71B7E /* test-vkus-sovet-swiftui */ = {
			isa = PBXNativeTarget;
			buildConfigurationList = 58417E562AC1820400D71B7E /* Build configuration list for PBXNativeTarget "test-vkus-sovet-swiftui" */;
			buildPhases = (
				58417E442AC1820300D71B7E /* Sources */,
				58417E452AC1820300D71B7E /* Frameworks */,
				58417E462AC1820300D71B7E /* Resources */,
			);
			buildRules = (
			);
			dependencies = (
			);
			name = "test-vkus-sovet-swiftui";
			productName = "test-vkus-sovet-swiftui";
			productReference = 58417E482AC1820300D71B7E /* test-vkus-sovet-swiftui.app */;
			productType = "com.apple.product-type.application";
		};
/* End PBXNativeTarget section */

/* Begin PBXProject section */
		58417E402AC1820300D71B7E /* Project object */ = {
			isa = PBXProject;
			attributes = {
				BuildIndependentTargetsInParallel = 1;
				LastSwiftUpdateCheck = 1430;
				LastUpgradeCheck = 1430;
				TargetAttributes = {
					58417E472AC1820300D71B7E = {
						CreatedOnToolsVersion = 14.3.1;
					};
				};
			};
			buildConfigurationList = 58417E432AC1820300D71B7E /* Build configuration list for PBXProject "test-vkus-sovet-swiftui" */;
			compatibilityVersion = "Xcode 14.0";
			developmentRegion = en;
			hasScannedForEncodings = 0;
			knownRegions = (
				en,
				Base,
			);
			mainGroup = 58417E3F2AC1820300D71B7E;
			productRefGroup = 58417E492AC1820300D71B7E /* Products */;
			projectDirPath = "";
			projectRoot = "";
			targets = (
				58417E472AC1820300D71B7E /* test-vkus-sovet-swiftui */,
			);
		};
/* End PBXProject section */

/* Begin PBXResourcesBuildPhase section */
		58417E462AC1820300D71B7E /* Resources */ = {
			isa = PBXResourcesBuildPhase;
			buildActionMask = 2147483647;
			files = (
				58417E532AC1820400D71B7E /* Preview Assets.xcassets in Resources */,
				58417E502AC1820400D71B7E /* Assets.xcassets in Resources */,
			);
			runOnlyForDeploymentPostprocessing = 0;
		};
/* End PBXResourcesBuildPhase section */

/* Begin PBXSourcesBuildPhase section */
		58417E442AC1820300D71B7E /* Sources */ = {
			isa = PBXSourcesBuildPhase;
			buildActionMask = 2147483647;
			files = (
				58417E6E2AC19FD900D71B7E /* Formatter.swift in Sources */,
				58417E6C2AC19B0800D71B7E /* TabView.swift in Sources */,
				58417E682AC19ABF00D71B7E /* ProfileView.swift in Sources */,
				58417E662AC1999000D71B7E /* ImageService.swift in Sources */,
				58417E4E2AC1820300D71B7E /* RootView.swift in Sources */,
				58417E4C2AC1820300D71B7E /* test_vkus_sovet_swiftuiApp.swift in Sources */,
				58417E5E2AC1973700D71B7E /* MenuModel.swift in Sources */,
				58417E622AC197F500D71B7E /* APIClient.swift in Sources */,
				58417E6A2AC19ADC00D71B7E /* OrderView.swift in Sources */,
				58417E642AC198C800D71B7E /* RootViewModel.swift in Sources */,
				58417E602AC1977E00D71B7E /* ProductModel.swift in Sources */,
			);
			runOnlyForDeploymentPostprocessing = 0;
		};
/* End PBXSourcesBuildPhase section */

/* Begin XCBuildConfiguration section */
		58417E542AC1820400D71B7E /* Debug */ = {
			isa = XCBuildConfiguration;
			buildSettings = {
				ALWAYS_SEARCH_USER_PATHS = NO;
				CLANG_ANALYZER_NONNULL = YES;
				CLANG_ANALYZER_NUMBER_OBJECT_CONVERSION = YES_AGGRESSIVE;
				CLANG_CXX_LANGUAGE_STANDARD = "gnu++20";
				CLANG_ENABLE_MODULES = YES;
				CLANG_ENABLE_OBJC_ARC = YES;
				CLANG_ENABLE_OBJC_WEAK = YES;
				CLANG_WARN_BLOCK_CAPTURE_AUTORELEASING = YES;
				CLANG_WARN_BOOL_CONVERSION = YES;
				CLANG_WARN_COMMA = YES;
				CLANG_WARN_CONSTANT_CONVERSION = YES;
				CLANG_WARN_DEPRECATED_OBJC_IMPLEMENTATIONS = YES;
				CLANG_WARN_DIRECT_OBJC_ISA_USAGE = YES_ERROR;
				CLANG_WARN_DOCUMENTATION_COMMENTS = YES;
				CLANG_WARN_EMPTY_BODY = YES;
				CLANG_WARN_ENUM_CONVERSION = YES;
				CLANG_WARN_INFINITE_RECURSION = YES;
				CLANG_WARN_INT_CONVERSION = YES;
				CLANG_WARN_NON_LITERAL_NULL_CONVERSION = YES;
				CLANG_WARN_OBJC_IMPLICIT_RETAIN_SELF = YES;
				CLANG_WARN_OBJC_LITERAL_CONVERSION = YES;
				CLANG_WARN_OBJC_ROOT_CLASS = YES_ERROR;
				CLANG_WARN_QUOTED_INCLUDE_IN_FRAMEWORK_HEADER = YES;
				CLANG_WARN_RANGE_LOOP_ANALYSIS = YES;
				CLANG_WARN_STRICT_PROTOTYPES = YES;
				CLANG_WARN_SUSPICIOUS_MOVE = YES;
				CLANG_WARN_UNGUARDED_AVAILABILITY = YES_AGGRESSIVE;
				CLANG_WARN_UNREACHABLE_CODE = YES;
				CLANG_WARN__DUPLICATE_METHOD_MATCH = YES;
				COPY_PHASE_STRIP = NO;
				DEBUG_INFORMATION_FORMAT = dwarf;
				ENABLE_STRICT_OBJC_MSGSEND = YES;
				ENABLE_TESTABILITY = YES;
				GCC_C_LANGUAGE_STANDARD = gnu11;
				GCC_DYNAMIC_NO_PIC = NO;
				GCC_NO_COMMON_BLOCKS = YES;
				GCC_OPTIMIZATION_LEVEL = 0;
				GCC_PREPROCESSOR_DEFINITIONS = (
					"DEBUG=1",
					"$(inherited)",
				);
				GCC_WARN_64_TO_32_BIT_CONVERSION = YES;
				GCC_WARN_ABOUT_RETURN_TYPE = YES_ERROR;
				GCC_WARN_UNDECLARED_SELECTOR = YES;
				GCC_WARN_UNINITIALIZED_AUTOS = YES_AGGRESSIVE;
				GCC_WARN_UNUSED_FUNCTION = YES;
				GCC_WARN_UNUSED_VARIABLE = YES;
				IPHONEOS_DEPLOYMENT_TARGET = 16.4;
				MTL_ENABLE_DEBUG_INFO = INCLUDE_SOURCE;
				MTL_FAST_MATH = YES;
				ONLY_ACTIVE_ARCH = YES;
				SDKROOT = iphoneos;
				SWIFT_ACTIVE_COMPILATION_CONDITIONS = DEBUG;
				SWIFT_OPTIMIZATION_LEVEL = "-Onone";
			};
			name = Debug;
		};
		58417E552AC1820400D71B7E /* Release */ = {
			isa = XCBuildConfiguration;
			buildSettings = {
				ALWAYS_SEARCH_USER_PATHS = NO;
				CLANG_ANALYZER_NONNULL = YES;
				CLANG_ANALYZER_NUMBER_OBJECT_CONVERSION = YES_AGGRESSIVE;
				CLANG_CXX_LANGUAGE_STANDARD = "gnu++20";
				CLANG_ENABLE_MODULES = YES;
				CLANG_ENABLE_OBJC_ARC = YES;
				CLANG_ENABLE_OBJC_WEAK = YES;
				CLANG_WARN_BLOCK_CAPTURE_AUTORELEASING = YES;
				CLANG_WARN_BOOL_CONVERSION = YES;
				CLANG_WARN_COMMA = YES;
				CLANG_WARN_CONSTANT_CONVERSION = YES;
				CLANG_WARN_DEPRECATED_OBJC_IMPLEMENTATIONS = YES;
				CLANG_WARN_DIRECT_OBJC_ISA_USAGE = YES_ERROR;
				CLANG_WARN_DOCUMENTATION_COMMENTS = YES;
				CLANG_WARN_EMPTY_BODY = YES;
				CLANG_WARN_ENUM_CONVERSION = YES;
				CLANG_WARN_INFINITE_RECURSION = YES;
				CLANG_WARN_INT_CONVERSION = YES;
				CLANG_WARN_NON_LITERAL_NULL_CONVERSION = YES;
				CLANG_WARN_OBJC_IMPLICIT_RETAIN_SELF = YES;
				CLANG_WARN_OBJC_LITERAL_CONVERSION = YES;
				CLANG_WARN_OBJC_ROOT_CLASS = YES_ERROR;
				CLANG_WARN_QUOTED_INCLUDE_IN_FRAMEWORK_HEADER = YES;
				CLANG_WARN_RANGE_LOOP_ANALYSIS = YES;
				CLANG_WARN_STRICT_PROTOTYPES = YES;
				CLANG_WARN_SUSPICIOUS_MOVE = YES;
				CLANG_WARN_UNGUARDED_AVAILABILITY = YES_AGGRESSIVE;
				CLANG_WARN_UNREACHABLE_CODE = YES;
				CLANG_WARN__DUPLICATE_METHOD_MATCH = YES;
				COPY_PHASE_STRIP = NO;
				DEBUG_INFORMATION_FORMAT = "dwarf-with-dsym";
				ENABLE_NS_ASSERTIONS = NO;
				ENABLE_STRICT_OBJC_MSGSEND = YES;
				GCC_C_LANGUAGE_STANDARD = gnu11;
				GCC_NO_COMMON_BLOCKS = YES;
				GCC_WARN_64_TO_32_BIT_CONVERSION = YES;
				GCC_WARN_ABOUT_RETURN_TYPE = YES_ERROR;
				GCC_WARN_UNDECLARED_SELECTOR = YES;
				GCC_WARN_UNINITIALIZED_AUTOS = YES_AGGRESSIVE;
				GCC_WARN_UNUSED_FUNCTION = YES;
				GCC_WARN_UNUSED_VARIABLE = YES;
				IPHONEOS_DEPLOYMENT_TARGET = 16.4;
				MTL_ENABLE_DEBUG_INFO = NO;
				MTL_FAST_MATH = YES;
				SDKROOT = iphoneos;
				SWIFT_COMPILATION_MODE = wholemodule;
				SWIFT_OPTIMIZATION_LEVEL = "-O";
				VALIDATE_PRODUCT = YES;
			};
			name = Release;
		};
		58417E572AC1820400D71B7E /* Debug */ = {
			isa = XCBuildConfiguration;
			buildSettings = {
				ASSETCATALOG_COMPILER_APPICON_NAME = AppIcon;
				ASSETCATALOG_COMPILER_GLOBAL_ACCENT_COLOR_NAME = AccentColor;
				CODE_SIGN_STYLE = Automatic;
				CURRENT_PROJECT_VERSION = 1;
				DEVELOPMENT_ASSET_PATHS = "\"test-vkus-sovet-swiftui/Preview Content\"";
				DEVELOPMENT_TEAM = L5N89ZQYBM;
				ENABLE_PREVIEWS = YES;
				GENERATE_INFOPLIST_FILE = YES;
				INFOPLIST_KEY_UIApplicationSceneManifest_Generation = YES;
				INFOPLIST_KEY_UIApplicationSupportsIndirectInputEvents = YES;
				INFOPLIST_KEY_UILaunchScreen_Generation = YES;
				INFOPLIST_KEY_UISupportedInterfaceOrientations_iPad = "UIInterfaceOrientationPortrait UIInterfaceOrientationPortraitUpsideDown UIInterfaceOrientationLandscapeLeft UIInterfaceOrientationLandscapeRight";
				INFOPLIST_KEY_UISupportedInterfaceOrientations_iPhone = "UIInterfaceOrientationPortrait UIInterfaceOrientationLandscapeLeft UIInterfaceOrientationLandscapeRight";
				LD_RUNPATH_SEARCH_PATHS = (
					"$(inherited)",
					"@executable_path/Frameworks",
				);
				MARKETING_VERSION = 1.0;
				PRODUCT_BUNDLE_IDENTIFIER = "vk.com.south.russian.test-vkus-sovet-swiftui";
				PRODUCT_NAME = "$(TARGET_NAME)";
				SWIFT_EMIT_LOC_STRINGS = YES;
				SWIFT_VERSION = 5.0;
				TARGETED_DEVICE_FAMILY = "1,2";
			};
			name = Debug;
		};
		58417E582AC1820400D71B7E /* Release */ = {
			isa = XCBuildConfiguration;
			buildSettings = {
				ASSETCATALOG_COMPILER_APPICON_NAME = AppIcon;
				ASSETCATALOG_COMPILER_GLOBAL_ACCENT_COLOR_NAME = AccentColor;
				CODE_SIGN_STYLE = Automatic;
				CURRENT_PROJECT_VERSION = 1;
				DEVELOPMENT_ASSET_PATHS = "\"test-vkus-sovet-swiftui/Preview Content\"";
				DEVELOPMENT_TEAM = L5N89ZQYBM;
				ENABLE_PREVIEWS = YES;
				GENERATE_INFOPLIST_FILE = YES;
				INFOPLIST_KEY_UIApplicationSceneManifest_Generation = YES;
				INFOPLIST_KEY_UIApplicationSupportsIndirectInputEvents = YES;
				INFOPLIST_KEY_UILaunchScreen_Generation = YES;
				INFOPLIST_KEY_UISupportedInterfaceOrientations_iPad = "UIInterfaceOrientationPortrait UIInterfaceOrientationPortraitUpsideDown UIInterfaceOrientationLandscapeLeft UIInterfaceOrientationLandscapeRight";
				INFOPLIST_KEY_UISupportedInterfaceOrientations_iPhone = "UIInterfaceOrientationPortrait UIInterfaceOrientationLandscapeLeft UIInterfaceOrientationLandscapeRight";
				LD_RUNPATH_SEARCH_PATHS = (
					"$(inherited)",
					"@executable_path/Frameworks",
				);
				MARKETING_VERSION = 1.0;
				PRODUCT_BUNDLE_IDENTIFIER = "vk.com.south.russian.test-vkus-sovet-swiftui";
				PRODUCT_NAME = "$(TARGET_NAME)";
				SWIFT_EMIT_LOC_STRINGS = YES;
				SWIFT_VERSION = 5.0;
				TARGETED_DEVICE_FAMILY = "1,2";
			};
			name = Release;
		};
/* End XCBuildConfiguration section */

/* Begin XCConfigurationList section */
		58417E432AC1820300D71B7E /* Build configuration list for PBXProject "test-vkus-sovet-swiftui" */ = {
			isa = XCConfigurationList;
			buildConfigurations = (
				58417E542AC1820400D71B7E /* Debug */,
				58417E552AC1820400D71B7E /* Release */,
			);
			defaultConfigurationIsVisible = 0;
			defaultConfigurationName = Release;
		};
		58417E562AC1820400D71B7E /* Build configuration list for PBXNativeTarget "test-vkus-sovet-swiftui" */ = {
			isa = XCConfigurationList;
			buildConfigurations = (
				58417E572AC1820400D71B7E /* Debug */,
				58417E582AC1820400D71B7E /* Release */,
			);
			defaultConfigurationIsVisible = 0;
			defaultConfigurationName = Release;
		};
/* End XCConfigurationList section */
	};
	rootObject = 58417E402AC1820300D71B7E /* Project object */;
}
